
Microsoft Visual Studio Solution File, Format Version 12.00
# Visual Studio Version 17
VisualStudioVersion = 17.9.34723.18
MinimumVisualStudioVersion = 10.0.40219.1
Project("{FAE04EC0-301F-11D3-BF4B-00C04F79EFBC}") = "Pr2Dataset", "Pr2Dataset\Pr2Dataset.csproj", "{50CB7153-6C04-44BD-BF90-2B7323741AED}"
EndProject
Global
	GlobalSection(SolutionConfigurationPlatforms) = preSolution
		Debug|Any CPU = Debug|Any CPU
		Release|Any CPU = Release|Any CPU
	EndGlobalSection
	GlobalSection(ProjectConfigurationPlatforms) = postSolution
		{50CB7153-6C04-44BD-BF90-2B7323741AED}.Debug|Any CPU.ActiveCfg = Debug|Any CPU
		{50CB7153-6C04-44BD-BF90-2B7323741AED}.Debug|Any CPU.Build.0 = Debug|Any CPU
		{50CB7153-6C04-44BD-BF90-2B7323741AED}.Release|Any CPU.ActiveCfg = Release|Any CPU
		{50CB7153-6C04-44BD-BF90-2B7323741AED}.Release|Any CPU.Build.0 = Release|Any CPU
	EndGlobalSection
	GlobalSection(SolutionProperties) = preSolution
		HideSolutionNode = FALSE
	EndGlobalSection
	GlobalSection(ExtensibilityGlobals) = postSolution
		SolutionGuid = {E9A04C9A-20DC-4662-AAFC-DA41B00FDC92}
	EndGlobalSection
EndGlobal
